{
    "requires": true,
    "lockfileVersion": 1,
    "dependencies": {
        "@libphp/amazon-linux-2-v74": {
            "version": "0.0.9",
            "resolved": "https://registry.npmjs.org/@libphp/amazon-linux-2-v74/-/amazon-linux-2-v74-0.0.9.tgz",
            "integrity": "sha512-dZzLMe9VPaAedVR1Q3oCUc+9eA29Owpl25enejqXlUYkBrKa3KQnfD5QpVXL8RN5n1x+23+Z3XZpPAw10FJXYg=="
        },
        "vercel-php": {
            "version": "0.3.2",
            "resolved": "https://registry.npmjs.org/vercel-php/-/vercel-php-0.3.2.tgz",
            "integrity": "sha512-hjpjdJKfLpHqmXAp17yp2wFY4IIPA3BggjFEqtt7VwS7kVbYCkV9nRZbQGR2EagcyGRnfqU0GwbOhzu9wbOAPQ==",
            "requires": {
                "@libphp/amazon-linux-2-v74": "^0.0.9"
            }
        }
    }
}
